
Microsoft Visual Studio Solution File, Format Version 12.00
# Visual Studio Version 17
VisualStudioVersion = 17.13.35825.156
MinimumVisualStudioVersion = 10.0.40219.1
Project("{2150E333-8FDC-42A3-9474-1A3956D46DE8}") = "Services", "Services", "{02EA681E-C7D8-13C7-8484-4AC65E1B71E8}"
EndProject
Project("{2150E333-8FDC-42A3-9474-1A3956D46DE8}") = "Catalog", "Catalog", "{F3FB54E9-D992-4263-897B-671827587BC9}"
EndProject
Project("{FAE04EC0-301F-11D3-BF4B-00C04F79EFBC}") = "Catalog.API", "Services\Catalog\Catalog.API\Catalog.API.csproj", "{571C80DB-9A12-48C6-844B-D692D4272AD7}"
EndProject
Project("{2150E333-8FDC-42A3-9474-1A3956D46DE8}") = "BuildingBlocks", "BuildingBlocks", "{F6A01AE0-305F-4A1C-B32F-0B4BAEDE9340}"
EndProject
Project("{FAE04EC0-301F-11D3-BF4B-00C04F79EFBC}") = "BuildingBlocks", "BuildingBlocks\BuildingBlocks\BuildingBlocks.csproj", "{F3159283-1A0C-4E59-9385-67767024CA60}"
EndProject
Project("{E53339B2-1760-4266-BCC7-CA923CBCF16C}") = "docker-compose", "docker-compose.dcproj", "{81DDED9D-158B-E303-5F62-77A2896D2A5A}"
EndProject
Project("{2150E333-8FDC-42A3-9474-1A3956D46DE8}") = "Basket", "Basket", "{0E25FB2A-2863-4D27-BC56-651C3F39F427}"
EndProject
Project("{FAE04EC0-301F-11D3-BF4B-00C04F79EFBC}") = "Basket.API", "Services\Basket\Basket.API\Basket.API.csproj", "{012073B0-87DA-4EC6-9B71-EB352D2BEBEF}"
EndProject
Project("{2150E333-8FDC-42A3-9474-1A3956D46DE8}") = "Discount", "Discount", "{E1E3F384-3EF6-4419-8BB1-86FF5FD9EFBF}"
EndProject
Project("{FAE04EC0-301F-11D3-BF4B-00C04F79EFBC}") = "Discount.gRPC", "Services\Discount\Discount.gRPC\Discount.gRPC.csproj", "{9EA46E66-C333-4295-A66B-CF2A81F83B66}"
EndProject
Project("{2150E333-8FDC-42A3-9474-1A3956D46DE8}") = "Ordering", "Ordering", "{0F04854E-1F2A-47C1-87D6-FE7505995C58}"
EndProject
Project("{FAE04EC0-301F-11D3-BF4B-00C04F79EFBC}") = "Ordering.API", "Services\Ordering\Ordering.API\Ordering.API.csproj", "{CA2F6050-83C2-4907-A93C-DF6B47FC9495}"
EndProject
Project("{FAE04EC0-301F-11D3-BF4B-00C04F79EFBC}") = "Ordering.Domain", "Services\Ordering\Ordering.Domain\Ordering.Domain.csproj", "{BFE39046-BC88-4DA0-8C31-C68ED0A5D697}"
EndProject
Project("{FAE04EC0-301F-11D3-BF4B-00C04F79EFBC}") = "Ordering.Application", "Services\Ordering\Ordering.Application\Ordering.Application.csproj", "{467D0F25-9B83-4AAB-AE05-27B28749A7DA}"
EndProject
Project("{FAE04EC0-301F-11D3-BF4B-00C04F79EFBC}") = "Ordering.Infrastructure", "Services\Ordering\Ordering.Infrastructure\Ordering.Infrastructure.csproj", "{7A70104D-60AB-4064-97AC-07B82079DE6A}"
EndProject
Project("{FAE04EC0-301F-11D3-BF4B-00C04F79EFBC}") = "BuildingBlocks.Messaging", "BuildingBlocks\BuildingBlocks.Messaging\BuildingBlocks.Messaging.csproj", "{03515A0A-3E2F-4FA5-853C-325CD2BC39BC}"
EndProject
Global
	GlobalSection(SolutionConfigurationPlatforms) = preSolution
		Debug|Any CPU = Debug|Any CPU
		Release|Any CPU = Release|Any CPU
	EndGlobalSection
	GlobalSection(ProjectConfigurationPlatforms) = postSolution
		{571C80DB-9A12-48C6-844B-D692D4272AD7}.Debug|Any CPU.ActiveCfg = Debug|Any CPU
		{571C80DB-9A12-48C6-844B-D692D4272AD7}.Debug|Any CPU.Build.0 = Debug|Any CPU
		{571C80DB-9A12-48C6-844B-D692D4272AD7}.Release|Any CPU.ActiveCfg = Release|Any CPU
		{571C80DB-9A12-48C6-844B-D692D4272AD7}.Release|Any CPU.Build.0 = Release|Any CPU
		{F3159283-1A0C-4E59-9385-67767024CA60}.Debug|Any CPU.ActiveCfg = Debug|Any CPU
		{F3159283-1A0C-4E59-9385-67767024CA60}.Debug|Any CPU.Build.0 = Debug|Any CPU
		{F3159283-1A0C-4E59-9385-67767024CA60}.Release|Any CPU.ActiveCfg = Release|Any CPU
		{F3159283-1A0C-4E59-9385-67767024CA60}.Release|Any CPU.Build.0 = Release|Any CPU
		{81DDED9D-158B-E303-5F62-77A2896D2A5A}.Debug|Any CPU.ActiveCfg = Debug|Any CPU
		{81DDED9D-158B-E303-5F62-77A2896D2A5A}.Debug|Any CPU.Build.0 = Debug|Any CPU
		{81DDED9D-158B-E303-5F62-77A2896D2A5A}.Release|Any CPU.ActiveCfg = Release|Any CPU
		{81DDED9D-158B-E303-5F62-77A2896D2A5A}.Release|Any CPU.Build.0 = Release|Any CPU
		{012073B0-87DA-4EC6-9B71-EB352D2BEBEF}.Debug|Any CPU.ActiveCfg = Debug|Any CPU
		{012073B0-87DA-4EC6-9B71-EB352D2BEBEF}.Debug|Any CPU.Build.0 = Debug|Any CPU
		{012073B0-87DA-4EC6-9B71-EB352D2BEBEF}.Release|Any CPU.ActiveCfg = Release|Any CPU
		{012073B0-87DA-4EC6-9B71-EB352D2BEBEF}.Release|Any CPU.Build.0 = Release|Any CPU
		{9EA46E66-C333-4295-A66B-CF2A81F83B66}.Debug|Any CPU.ActiveCfg = Debug|Any CPU
		{9EA46E66-C333-4295-A66B-CF2A81F83B66}.Debug|Any CPU.Build.0 = Debug|Any CPU
		{9EA46E66-C333-4295-A66B-CF2A81F83B66}.Release|Any CPU.ActiveCfg = Release|Any CPU
		{9EA46E66-C333-4295-A66B-CF2A81F83B66}.Release|Any CPU.Build.0 = Release|Any CPU
		{CA2F6050-83C2-4907-A93C-DF6B47FC9495}.Debug|Any CPU.ActiveCfg = Debug|Any CPU
		{CA2F6050-83C2-4907-A93C-DF6B47FC9495}.Debug|Any CPU.Build.0 = Debug|Any CPU
		{CA2F6050-83C2-4907-A93C-DF6B47FC9495}.Release|Any CPU.ActiveCfg = Release|Any CPU
		{CA2F6050-83C2-4907-A93C-DF6B47FC9495}.Release|Any CPU.Build.0 = Release|Any CPU
		{BFE39046-BC88-4DA0-8C31-C68ED0A5D697}.Debug|Any CPU.ActiveCfg = Debug|Any CPU
		{BFE39046-BC88-4DA0-8C31-C68ED0A5D697}.Debug|Any CPU.Build.0 = Debug|Any CPU
		{BFE39046-BC88-4DA0-8C31-C68ED0A5D697}.Release|Any CPU.ActiveCfg = Release|Any CPU
		{BFE39046-BC88-4DA0-8C31-C68ED0A5D697}.Release|Any CPU.Build.0 = Release|Any CPU
		{467D0F25-9B83-4AAB-AE05-27B28749A7DA}.Debug|Any CPU.ActiveCfg = Debug|Any CPU
		{467D0F25-9B83-4AAB-AE05-27B28749A7DA}.Debug|Any CPU.Build.0 = Debug|Any CPU
		{467D0F25-9B83-4AAB-AE05-27B28749A7DA}.Release|Any CPU.ActiveCfg = Release|Any CPU
		{467D0F25-9B83-4AAB-AE05-27B28749A7DA}.Release|Any CPU.Build.0 = Release|Any CPU
		{7A70104D-60AB-4064-97AC-07B82079DE6A}.Debug|Any CPU.ActiveCfg = Debug|Any CPU
		{7A70104D-60AB-4064-97AC-07B82079DE6A}.Debug|Any CPU.Build.0 = Debug|Any CPU
		{7A70104D-60AB-4064-97AC-07B82079DE6A}.Release|Any CPU.ActiveCfg = Release|Any CPU
		{7A70104D-60AB-4064-97AC-07B82079DE6A}.Release|Any CPU.Build.0 = Release|Any CPU
		{03515A0A-3E2F-4FA5-853C-325CD2BC39BC}.Debug|Any CPU.ActiveCfg = Debug|Any CPU
		{03515A0A-3E2F-4FA5-853C-325CD2BC39BC}.Debug|Any CPU.Build.0 = Debug|Any CPU
		{03515A0A-3E2F-4FA5-853C-325CD2BC39BC}.Release|Any CPU.ActiveCfg = Release|Any CPU
		{03515A0A-3E2F-4FA5-853C-325CD2BC39BC}.Release|Any CPU.Build.0 = Release|Any CPU
	EndGlobalSection
	GlobalSection(SolutionProperties) = preSolution
		HideSolutionNode = FALSE
	EndGlobalSection
	GlobalSection(NestedProjects) = preSolution
		{F3FB54E9-D992-4263-897B-671827587BC9} = {02EA681E-C7D8-13C7-8484-4AC65E1B71E8}
		{571C80DB-9A12-48C6-844B-D692D4272AD7} = {F3FB54E9-D992-4263-897B-671827587BC9}
		{F3159283-1A0C-4E59-9385-67767024CA60} = {F6A01AE0-305F-4A1C-B32F-0B4BAEDE9340}
		{0E25FB2A-2863-4D27-BC56-651C3F39F427} = {02EA681E-C7D8-13C7-8484-4AC65E1B71E8}
		{012073B0-87DA-4EC6-9B71-EB352D2BEBEF} = {0E25FB2A-2863-4D27-BC56-651C3F39F427}
		{E1E3F384-3EF6-4419-8BB1-86FF5FD9EFBF} = {02EA681E-C7D8-13C7-8484-4AC65E1B71E8}
		{9EA46E66-C333-4295-A66B-CF2A81F83B66} = {E1E3F384-3EF6-4419-8BB1-86FF5FD9EFBF}
		{0F04854E-1F2A-47C1-87D6-FE7505995C58} = {02EA681E-C7D8-13C7-8484-4AC65E1B71E8}
		{CA2F6050-83C2-4907-A93C-DF6B47FC9495} = {0F04854E-1F2A-47C1-87D6-FE7505995C58}
		{BFE39046-BC88-4DA0-8C31-C68ED0A5D697} = {0F04854E-1F2A-47C1-87D6-FE7505995C58}
		{467D0F25-9B83-4AAB-AE05-27B28749A7DA} = {0F04854E-1F2A-47C1-87D6-FE7505995C58}
		{7A70104D-60AB-4064-97AC-07B82079DE6A} = {0F04854E-1F2A-47C1-87D6-FE7505995C58}
		{03515A0A-3E2F-4FA5-853C-325CD2BC39BC} = {F6A01AE0-305F-4A1C-B32F-0B4BAEDE9340}
	EndGlobalSection
	GlobalSection(ExtensibilityGlobals) = postSolution
		SolutionGuid = {02216586-CECE-4CAB-A4B2-D5164AC4322B}
	EndGlobalSection
EndGlobal
